// !$*UTF8*$!
{
	archiveVersion = 1;
	classes = {
	};
	objectVersion = 55;
	objects = {

/* Begin PBXBuildFile section */
		23C54FEE27567A0B00AC4D67 /* CGPointFromPencilKitApp.swift in Sources */ = {isa = PBXBuildFile; fileRef = 23C54FED27567A0B00AC4D67 /* CGPointFromPencilKitApp.swift */; };
		23C54FF227567A0D00AC4D67 /* Assets.xcassets in Resources */ = {isa = PBXBuildFile; fileRef = 23C54FF127567A0D00AC4D67 /* Assets.xcassets */; };
		23C54FF527567A0D00AC4D67 /* Preview Assets.xcassets in Resources */ = {isa = PBXBuildFile; fileRef = 23C54FF427567A0D00AC4D67 /* Preview Assets.xcassets */; };
		23C5500127567A2D00AC4D67 /* MyButtonStyle.swift in Sources */ = {isa = PBXBuildFile; fileRef = 23C54FFB27567A2C00AC4D67 /* MyButtonStyle.swift */; };
		23C5500327567A2D00AC4D67 /* PKStroke2CGPoint.swift in Sources */ = {isa = PBXBuildFile; fileRef = 23C54FFD27567A2C00AC4D67 /* PKStroke2CGPoint.swift */; };
		23C5500427567A2D00AC4D67 /* ContentView.swift in Sources */ = {isa = PBXBuildFile; fileRef = 23C54FFE27567A2D00AC4D67 /* ContentView.swift */; };
		23C5500527567A2D00AC4D67 /* CGPint2PKStroke.swift in Sources */ = {isa = PBXBuildFile; fileRef = 23C54FFF27567A2D00AC4D67 /* CGPint2PKStroke.swift */; };
		23C5500627567A2D00AC4D67 /* CanvasView.swift in Sources */ = {isa = PBXBuildFile; fileRef = 23C5500027567A2D00AC4D67 /* CanvasView.swift */; };
/* End PBXBuildFile section */

/* Begin PBXFileReference section */
		23C54FEA27567A0B00AC4D67 /* CGPointFromPencilKit.app */ = {isa = PBXFileReference; explicitFileType = wrapper.application; includeInIndex = 0; path = CGPointFromPencilKit.app; sourceTree = BUILT_PRODUCTS_DIR; };
		23C54FED27567A0B00AC4D67 /* CGPointFromPencilKitApp.swift */ = {isa = PBXFileReference; lastKnownFileType = sourcecode.swift; path = CGPointFromPencilKitApp.swift; sourceTree = "<group>"; };
		23C54FF127567A0D00AC4D67 /* Assets.xcassets */ = {isa = PBXFileReference; lastKnownFileType = folder.assetcatalog; path = Assets.xcassets; sourceTree = "<group>"; };
		23C54FF427567A0D00AC4D67 /* Preview Assets.xcassets */ = {isa = PBXFileReference; lastKnownFileType = folder.assetcatalog; path = "Preview Assets.xcassets"; sourceTree = "<group>"; };
		23C54FFB27567A2C00AC4D67 /* MyButtonStyle.swift */ = {isa = PBXFileReference; fileEncoding = 4; lastKnownFileType = sourcecode.swift; path = MyButtonStyle.swift; sourceTree = "<group>"; };
		23C54FFD27567A2C00AC4D67 /* PKStroke2CGPoint.swift */ = {isa = PBXFileReference; fileEncoding = 4; lastKnownFileType = sourcecode.swift; path = PKStroke2CGPoint.swift; sourceTree = "<group>"; };
		23C54FFE27567A2D00AC4D67 /* ContentView.swift */ = {isa = PBXFileReference; fileEncoding = 4; lastKnownFileType = sourcecode.swift; name = ContentView.swift; path = ../../TreeeLinesOfCode/TreeeLinesOfCode/ContentView.swift; sourceTree = "<group>"; };
		23C54FFF27567A2D00AC4D67 /* CGPint2PKStroke.swift */ = {isa = PBXFileReference; fileEncoding = 4; lastKnownFileType = sourcecode.swift; path = CGPint2PKStroke.swift; sourceTree = "<group>"; };
		23C5500027567A2D00AC4D67 /* CanvasView.swift */ = {isa = PBXFileReference; fileEncoding = 4; lastKnownFileType = sourcecode.swift; path = CanvasView.swift; sourceTree = "<group>"; };
/* End PBXFileReference section */

/* Begin PBXFrameworksBuildPhase section */
		23C54FE727567A0B00AC4D67 /* Frameworks */ = {
			isa = PBXFrameworksBuildPhase;
			buildActionMask = 2147483647;
			files = (
			);
			runOnlyForDeploymentPostprocessing = 0;
		};
/* End PBXFrameworksBuildPhase section */

/* Begin PBXGroup section */
		23C54FE127567A0B00AC4D67 = {
			isa = PBXGroup;
			children = (
				23C54FEC27567A0B00AC4D67 /* CGPointFromPencilKit */,
				23C54FEB27567A0B00AC4D67 /* Products */,
			);
			sourceTree = "<group>";
		};
		23C54FEB27567A0B00AC4D67 /* Products */ = {
			isa = PBXGroup;
			children = (
				23C54FEA27567A0B00AC4D67 /* CGPointFromPencilKit.app */,
			);
			name = Products;
			sourceTree = "<group>";
		};
		23C54FEC27567A0B00AC4D67 /* CGPointFromPencilKit */ = {
			isa = PBXGroup;
			children = (
				23C5500027567A2D00AC4D67 /* CanvasView.swift */,
				23C54FFF27567A2D00AC4D67 /* CGPint2PKStroke.swift */,
				23C54FFE27567A2D00AC4D67 /* ContentView.swift */,
				23C54FFB27567A2C00AC4D67 /* MyButtonStyle.swift */,
				23C54FFD27567A2C00AC4D67 /* PKStroke2CGPoint.swift */,
				23C54FED27567A0B00AC4D67 /* CGPointFromPencilKitApp.swift */,
				23C54FF127567A0D00AC4D67 /* Assets.xcassets */,
				23C54FF327567A0D00AC4D67 /* Preview Content */,
			);
			path = CGPointFromPencilKit;
			sourceTree = "<group>";
		};
		23C54FF327567A0D00AC4D67 /* Preview Content */ = {
			isa = PBXGroup;
			children = (
				23C54FF427567A0D00AC4D67 /* Preview Assets.xcassets */,
			);
			path = "Preview Content";
			sourceTree = "<group>";
		};
/* End PBXGroup section */

/* Begin PBXNativeTarget section */
		23C54FE927567A0B00AC4D67 /* CGPointFromPencilKit */ = {
			isa = PBXNativeTarget;
			buildConfigurationList = 23C54FF827567A0D00AC4D67 /* Build configuration list for PBXNativeTarget "CGPointFromPencilKit" */;
			buildPhases = (
				23C54FE627567A0B00AC4D67 /* Sources */,
				23C54FE727567A0B00AC4D67 /* Frameworks */,
				23C54FE827567A0B00AC4D67 /* Resources */,
			);
			buildRules = (
			);
			dependencies = (
			);
			name = CGPointFromPencilKit;
			productName = CGPointFromPencilKit;
			productReference = 23C54FEA27567A0B00AC4D67 /* CGPointFromPencilKit.app */;
			productType = "com.apple.product-type.application";
		};
/* End PBXNativeTarget section */

/* Begin PBXProject section */
		23C54FE227567A0B00AC4D67 /* Project object */ = {
			isa = PBXProject;
			attributes = {
				BuildIndependentTargetsInParallel = 1;
				LastSwiftUpdateCheck = 1310;
				LastUpgradeCheck = 1310;
				TargetAttributes = {
					23C54FE927567A0B00AC4D67 = {
						CreatedOnToolsVersion = 13.1;
					};
				};
			};
			buildConfigurationList = 23C54FE527567A0B00AC4D67 /* Build configuration list for PBXProject "CGPointFromPencilKit" */;
			compatibilityVersion = "Xcode 13.0";
			developmentRegion = en;
			hasScannedForEncodings = 0;
			knownRegions = (
				en,
				Base,
			);
			mainGroup = 23C54FE127567A0B00AC4D67;
			productRefGroup = 23C54FEB27567A0B00AC4D67 /* Products */;
			projectDirPath = "";
			projectRoot = "";
			targets = (
				23C54FE927567A0B00AC4D67 /* CGPointFromPencilKit */,
			);
		};
/* End PBXProject section */

/* Begin PBXResourcesBuildPhase section */
		23C54FE827567A0B00AC4D67 /* Resources */ = {
			isa = PBXResourcesBuildPhase;
			buildActionMask = 2147483647;
			files = (
				23C54FF527567A0D00AC4D67 /* Preview Assets.xcassets in Resources */,
				23C54FF227567A0D00AC4D67 /* Assets.xcassets in Resources */,
			);
			runOnlyForDeploymentPostprocessing = 0;
		};
/* End PBXResourcesBuildPhase section */

/* Begin PBXSourcesBuildPhase section */
		23C54FE627567A0B00AC4D67 /* Sources */ = {
			isa = PBXSourcesBuildPhase;
			buildActionMask = 2147483647;
			files = (
				23C5500527567A2D00AC4D67 /* CGPint2PKStroke.swift in Sources */,
				23C5500627567A2D00AC4D67 /* CanvasView.swift in Sources */,
				23C5500427567A2D00AC4D67 /* ContentView.swift in Sources */,
				23C5500127567A2D00AC4D67 /* MyButtonStyle.swift in Sources */,
				23C54FEE27567A0B00AC4D67 /* CGPointFromPencilKitApp.swift in Sources */,
				23C5500327567A2D00AC4D67 /* PKStroke2CGPoint.swift in Sources */,
			);
			runOnlyForDeploymentPostprocessing = 0;
		};
/* End PBXSourcesBuildPhase section */

/* Begin XCBuildConfiguration section */
		23C54FF627567A0D00AC4D67 /* Debug */ = {
			isa = XCBuildConfiguration;
			buildSettings = {
				ALWAYS_SEARCH_USER_PATHS = NO;
				CLANG_ANALYZER_NONNULL = YES;
				CLANG_ANALYZER_NUMBER_OBJECT_CONVERSION = YES_AGGRESSIVE;
				CLANG_CXX_LANGUAGE_STANDARD = "gnu++17";
				CLANG_CXX_LIBRARY = "libc++";
				CLANG_ENABLE_MODULES = YES;
				CLANG_ENABLE_OBJC_ARC = YES;
				CLANG_ENABLE_OBJC_WEAK = YES;
				CLANG_WARN_BLOCK_CAPTURE_AUTORELEASING = YES;
				CLANG_WARN_BOOL_CONVERSION = YES;
				CLANG_WARN_COMMA = YES;
				CLANG_WARN_CONSTANT_CONVERSION = YES;
				CLANG_WARN_DEPRECATED_OBJC_IMPLEMENTATIONS = YES;
				CLANG_WARN_DIRECT_OBJC_ISA_USAGE = YES_ERROR;
				CLANG_WARN_DOCUMENTATION_COMMENTS = YES;
				CLANG_WARN_EMPTY_BODY = YES;
				CLANG_WARN_ENUM_CONVERSION = YES;
				CLANG_WARN_INFINITE_RECURSION = YES;
				CLANG_WARN_INT_CONVERSION = YES;
				CLANG_WARN_NON_LITERAL_NULL_CONVERSION = YES;
				CLANG_WARN_OBJC_IMPLICIT_RETAIN_SELF = YES;
				CLANG_WARN_OBJC_LITERAL_CONVERSION = YES;
				CLANG_WARN_OBJC_ROOT_CLASS = YES_ERROR;
				CLANG_WARN_QUOTED_INCLUDE_IN_FRAMEWORK_HEADER = YES;
				CLANG_WARN_RANGE_LOOP_ANALYSIS = YES;
				CLANG_WARN_STRICT_PROTOTYPES = YES;
				CLANG_WARN_SUSPICIOUS_MOVE = YES;
				CLANG_WARN_UNGUARDED_AVAILABILITY = YES_AGGRESSIVE;
				CLANG_WARN_UNREACHABLE_CODE = YES;
				CLANG_WARN__DUPLICATE_METHOD_MATCH = YES;
				COPY_PHASE_STRIP = NO;
				DEBUG_INFORMATION_FORMAT = dwarf;
				ENABLE_STRICT_OBJC_MSGSEND = YES;
				ENABLE_TESTABILITY = YES;
				GCC_C_LANGUAGE_STANDARD = gnu11;
				GCC_DYNAMIC_NO_PIC = NO;
				GCC_NO_COMMON_BLOCKS = YES;
				GCC_OPTIMIZATION_LEVEL = 0;
				GCC_PREPROCESSOR_DEFINITIONS = (
					"DEBUG=1",
					"$(inherited)",
				);
				GCC_WARN_64_TO_32_BIT_CONVERSION = YES;
				GCC_WARN_ABOUT_RETURN_TYPE = YES_ERROR;
				GCC_WARN_UNDECLARED_SELECTOR = YES;
				GCC_WARN_UNINITIALIZED_AUTOS = YES_AGGRESSIVE;
				GCC_WARN_UNUSED_FUNCTION = YES;
				GCC_WARN_UNUSED_VARIABLE = YES;
				IPHONEOS_DEPLOYMENT_TARGET = 15.0;
				MTL_ENABLE_DEBUG_INFO = INCLUDE_SOURCE;
				MTL_FAST_MATH = YES;
				ONLY_ACTIVE_ARCH = YES;
				SDKROOT = iphoneos;
				SWIFT_ACTIVE_COMPILATION_CONDITIONS = DEBUG;
				SWIFT_OPTIMIZATION_LEVEL = "-Onone";
			};
			name = Debug;
		};
		23C54FF727567A0D00AC4D67 /* Release */ = {
			isa = XCBuildConfiguration;
			buildSettings = {
				ALWAYS_SEARCH_USER_PATHS = NO;
				CLANG_ANALYZER_NONNULL = YES;
				CLANG_ANALYZER_NUMBER_OBJECT_CONVERSION = YES_AGGRESSIVE;
				CLANG_CXX_LANGUAGE_STANDARD = "gnu++17";
				CLANG_CXX_LIBRARY = "libc++";
				CLANG_ENABLE_MODULES = YES;
				CLANG_ENABLE_OBJC_ARC = YES;
				CLANG_ENABLE_OBJC_WEAK = YES;
				CLANG_WARN_BLOCK_CAPTURE_AUTORELEASING = YES;
				CLANG_WARN_BOOL_CONVERSION = YES;
				CLANG_WARN_COMMA = YES;
				CLANG_WARN_CONSTANT_CONVERSION = YES;
				CLANG_WARN_DEPRECATED_OBJC_IMPLEMENTATIONS = YES;
				CLANG_WARN_DIRECT_OBJC_ISA_USAGE = YES_ERROR;
				CLANG_WARN_DOCUMENTATION_COMMENTS = YES;
				CLANG_WARN_EMPTY_BODY = YES;
				CLANG_WARN_ENUM_CONVERSION = YES;
				CLANG_WARN_INFINITE_RECURSION = YES;
				CLANG_WARN_INT_CONVERSION = YES;
				CLANG_WARN_NON_LITERAL_NULL_CONVERSION = YES;
				CLANG_WARN_OBJC_IMPLICIT_RETAIN_SELF = YES;
				CLANG_WARN_OBJC_LITERAL_CONVERSION = YES;
				CLANG_WARN_OBJC_ROOT_CLASS = YES_ERROR;
				CLANG_WARN_QUOTED_INCLUDE_IN_FRAMEWORK_HEADER = YES;
				CLANG_WARN_RANGE_LOOP_ANALYSIS = YES;
				CLANG_WARN_STRICT_PROTOTYPES = YES;
				CLANG_WARN_SUSPICIOUS_MOVE = YES;
				CLANG_WARN_UNGUARDED_AVAILABILITY = YES_AGGRESSIVE;
				CLANG_WARN_UNREACHABLE_CODE = YES;
				CLANG_WARN__DUPLICATE_METHOD_MATCH = YES;
				COPY_PHASE_STRIP = NO;
				DEBUG_INFORMATION_FORMAT = "dwarf-with-dsym";
				ENABLE_NS_ASSERTIONS = NO;
				ENABLE_STRICT_OBJC_MSGSEND = YES;
				GCC_C_LANGUAGE_STANDARD = gnu11;
				GCC_NO_COMMON_BLOCKS = YES;
				GCC_WARN_64_TO_32_BIT_CONVERSION = YES;
				GCC_WARN_ABOUT_RETURN_TYPE = YES_ERROR;
				GCC_WARN_UNDECLARED_SELECTOR = YES;
				GCC_WARN_UNINITIALIZED_AUTOS = YES_AGGRESSIVE;
				GCC_WARN_UNUSED_FUNCTION = YES;
				GCC_WARN_UNUSED_VARIABLE = YES;
				IPHONEOS_DEPLOYMENT_TARGET = 15.0;
				MTL_ENABLE_DEBUG_INFO = NO;
				MTL_FAST_MATH = YES;
				SDKROOT = iphoneos;
				SWIFT_COMPILATION_MODE = wholemodule;
				SWIFT_OPTIMIZATION_LEVEL = "-O";
				VALIDATE_PRODUCT = YES;
			};
			name = Release;
		};
		23C54FF927567A0D00AC4D67 /* Debug */ = {
			isa = XCBuildConfiguration;
			buildSettings = {
				ASSETCATALOG_COMPILER_APPICON_NAME = AppIcon;
				ASSETCATALOG_COMPILER_GLOBAL_ACCENT_COLOR_NAME = AccentColor;
				CODE_SIGN_STYLE = Automatic;
				CURRENT_PROJECT_VERSION = 1;
				DEVELOPMENT_ASSET_PATHS = "\"CGPointFromPencilKit/Preview Content\"";
				DEVELOPMENT_TEAM = Y675ZBVQV3;
				ENABLE_PREVIEWS = YES;
				GENERATE_INFOPLIST_FILE = YES;
				INFOPLIST_KEY_UIApplicationSceneManifest_Generation = YES;
				INFOPLIST_KEY_UIApplicationSupportsIndirectInputEvents = YES;
				INFOPLIST_KEY_UILaunchScreen_Generation = YES;
				INFOPLIST_KEY_UISupportedInterfaceOrientations_iPad = "UIInterfaceOrientationPortrait UIInterfaceOrientationPortraitUpsideDown UIInterfaceOrientationLandscapeLeft UIInterfaceOrientationLandscapeRight";
				INFOPLIST_KEY_UISupportedInterfaceOrientations_iPhone = "UIInterfaceOrientationPortrait UIInterfaceOrientationLandscapeLeft UIInterfaceOrientationLandscapeRight";
				LD_RUNPATH_SEARCH_PATHS = (
					"$(inherited)",
					"@executable_path/Frameworks",
				);
				MARKETING_VERSION = 1.0;
				PRODUCT_BUNDLE_IDENTIFIER = com.example.CGPointFromPencilKit;
				PRODUCT_NAME = "$(TARGET_NAME)";
				SWIFT_EMIT_LOC_STRINGS = YES;
				SWIFT_VERSION = 5.0;
				TARGETED_DEVICE_FAMILY = "1,2";
			};
			name = Debug;
		};
		23C54FFA27567A0D00AC4D67 /* Release */ = {
			isa = XCBuildConfiguration;
			buildSettings = {
				ASSETCATALOG_COMPILER_APPICON_NAME = AppIcon;
				ASSETCATALOG_COMPILER_GLOBAL_ACCENT_COLOR_NAME = AccentColor;
				CODE_SIGN_STYLE = Automatic;
				CURRENT_PROJECT_VERSION = 1;
				DEVELOPMENT_ASSET_PATHS = "\"CGPointFromPencilKit/Preview Content\"";
				DEVELOPMENT_TEAM = Y675ZBVQV3;
				ENABLE_PREVIEWS = YES;
				GENERATE_INFOPLIST_FILE = YES;
				INFOPLIST_KEY_UIApplicationSceneManifest_Generation = YES;
				INFOPLIST_KEY_UIApplicationSupportsIndirectInputEvents = YES;
				INFOPLIST_KEY_UILaunchScreen_Generation = YES;
				INFOPLIST_KEY_UISupportedInterfaceOrientations_iPad = "UIInterfaceOrientationPortrait UIInterfaceOrientationPortraitUpsideDown UIInterfaceOrientationLandscapeLeft UIInterfaceOrientationLandscapeRight";
				INFOPLIST_KEY_UISupportedInterfaceOrientations_iPhone = "UIInterfaceOrientationPortrait UIInterfaceOrientationLandscapeLeft UIInterfaceOrientationLandscapeRight";
				LD_RUNPATH_SEARCH_PATHS = (
					"$(inherited)",
					"@executable_path/Frameworks",
				);
				MARKETING_VERSION = 1.0;
				PRODUCT_BUNDLE_IDENTIFIER = com.example.CGPointFromPencilKit;
				PRODUCT_NAME = "$(TARGET_NAME)";
				SWIFT_EMIT_LOC_STRINGS = YES;
				SWIFT_VERSION = 5.0;
				TARGETED_DEVICE_FAMILY = "1,2";
			};
			name = Release;
		};
/* End XCBuildConfiguration section */

/* Begin XCConfigurationList section */
		23C54FE527567A0B00AC4D67 /* Build configuration list for PBXProject "CGPointFromPencilKit" */ = {
			isa = XCConfigurationList;
			buildConfigurations = (
				23C54FF627567A0D00AC4D67 /* Debug */,
				23C54FF727567A0D00AC4D67 /* Release */,
			);
			defaultConfigurationIsVisible = 0;
			defaultConfigurationName = Release;
		};
		23C54FF827567A0D00AC4D67 /* Build configuration list for PBXNativeTarget "CGPointFromPencilKit" */ = {
			isa = XCConfigurationList;
			buildConfigurations = (
				23C54FF927567A0D00AC4D67 /* Debug */,
				23C54FFA27567A0D00AC4D67 /* Release */,
			);
			defaultConfigurationIsVisible = 0;
			defaultConfigurationName = Release;
		};
/* End XCConfigurationList section */
	};
	rootObject = 23C54FE227567A0B00AC4D67 /* Project object */;
}
